
Microsoft Visual Studio Solution File, Format Version 12.00
# Visual Studio Version 17
VisualStudioVersion = 17.5.33502.453
MinimumVisualStudioVersion = 10.0.40219.1
Project("{FAE04EC0-301F-11D3-BF4B-00C04F79EFBC}") = "UDP Client", "UDP Client\UDP Client.csproj", "{373CB1EA-5930-41BC-B7BD-8A1D7009FE42}"
EndProject
Global
	GlobalSection(SolutionConfigurationPlatforms) = preSolution
		Debug|Any CPU = Debug|Any CPU
		Release|Any CPU = Release|Any CPU
	EndGlobalSection
	GlobalSection(ProjectConfigurationPlatforms) = postSolution
		{373CB1EA-5930-41BC-B7BD-8A1D7009FE42}.Debug|Any CPU.ActiveCfg = Debug|Any CPU
		{373CB1EA-5930-41BC-B7BD-8A1D7009FE42}.Debug|Any CPU.Build.0 = Debug|Any CPU
		{373CB1EA-5930-41BC-B7BD-8A1D7009FE42}.Release|Any CPU.ActiveCfg = Release|Any CPU
		{373CB1EA-5930-41BC-B7BD-8A1D7009FE42}.Release|Any CPU.Build.0 = Release|Any CPU
	EndGlobalSection
	GlobalSection(SolutionProperties) = preSolution
		HideSolutionNode = FALSE
	EndGlobalSection
	GlobalSection(ExtensibilityGlobals) = postSolution
		SolutionGuid = {EEED7ED9-1E1F-4C36-8440-AF141C09E4CA}
	EndGlobalSection
EndGlobal
