
Microsoft Visual Studio Solution File, Format Version 12.00
# Visual Studio Version 17
VisualStudioVersion = 17.5.33502.453
MinimumVisualStudioVersion = 10.0.40219.1
Project("{FAE04EC0-301F-11D3-BF4B-00C04F79EFBC}") = "UDPServer", "UDPServer\UDPServer.csproj", "{B09529F5-9819-42A6-BC91-3790533AEB05}"
EndProject
Global
	GlobalSection(SolutionConfigurationPlatforms) = preSolution
		Debug|Any CPU = Debug|Any CPU
		Release|Any CPU = Release|Any CPU
	EndGlobalSection
	GlobalSection(ProjectConfigurationPlatforms) = postSolution
		{B09529F5-9819-42A6-BC91-3790533AEB05}.Debug|Any CPU.ActiveCfg = Debug|Any CPU
		{B09529F5-9819-42A6-BC91-3790533AEB05}.Debug|Any CPU.Build.0 = Debug|Any CPU
		{B09529F5-9819-42A6-BC91-3790533AEB05}.Release|Any CPU.ActiveCfg = Release|Any CPU
		{B09529F5-9819-42A6-BC91-3790533AEB05}.Release|Any CPU.Build.0 = Release|Any CPU
	EndGlobalSection
	GlobalSection(SolutionProperties) = preSolution
		HideSolutionNode = FALSE
	EndGlobalSection
	GlobalSection(ExtensibilityGlobals) = postSolution
		SolutionGuid = {91921449-0A47-4AC1-9D9C-EB9C9E34EB17}
	EndGlobalSection
EndGlobal
